
Microsoft Visual Studio Solution File, Format Version 12.00
# Visual Studio 2017
Project("{FAE04EC0-301F-11D3-BF4B-00C04F79EFBC}") = "Take_a_Picture-master.Plugins", "Take_a_Picture-master.Plugins.csproj", "{51B9FC03-CB06-70DC-33FA-F26228DE9200}"
EndProject
Project("{FAE04EC0-301F-11D3-BF4B-00C04F79EFBC}") = "Take_a_Picture-master", "Take_a_Picture-master.csproj", "{A78AFFBF-BC56-E908-F6F5-9D2CE2D4AE39}"
EndProject
Project("{FAE04EC0-301F-11D3-BF4B-00C04F79EFBC}") = "Take_a_Picture-master.Editor.Plugins", "Take_a_Picture-master.Editor.Plugins.csproj", "{B6EB344D-A59F-9B06-7DA6-3B99EBD1F4A9}"
EndProject
Global
	GlobalSection(SolutionConfigurationPlatforms) = preSolution
		Debug|Any CPU = Debug|Any CPU
		Release|Any CPU = Release|Any CPU
	EndGlobalSection
	GlobalSection(ProjectConfigurationPlatforms) = postSolution
		{51B9FC03-CB06-70DC-33FA-F26228DE9200}.Debug|Any CPU.ActiveCfg = Debug|Any CPU
		{51B9FC03-CB06-70DC-33FA-F26228DE9200}.Debug|Any CPU.Build.0 = Debug|Any CPU
		{51B9FC03-CB06-70DC-33FA-F26228DE9200}.Release|Any CPU.ActiveCfg = Release|Any CPU
		{51B9FC03-CB06-70DC-33FA-F26228DE9200}.Release|Any CPU.Build.0 = Release|Any CPU
		{A78AFFBF-BC56-E908-F6F5-9D2CE2D4AE39}.Debug|Any CPU.ActiveCfg = Debug|Any CPU
		{A78AFFBF-BC56-E908-F6F5-9D2CE2D4AE39}.Debug|Any CPU.Build.0 = Debug|Any CPU
		{A78AFFBF-BC56-E908-F6F5-9D2CE2D4AE39}.Release|Any CPU.ActiveCfg = Release|Any CPU
		{A78AFFBF-BC56-E908-F6F5-9D2CE2D4AE39}.Release|Any CPU.Build.0 = Release|Any CPU
		{B6EB344D-A59F-9B06-7DA6-3B99EBD1F4A9}.Debug|Any CPU.ActiveCfg = Debug|Any CPU
		{B6EB344D-A59F-9B06-7DA6-3B99EBD1F4A9}.Debug|Any CPU.Build.0 = Debug|Any CPU
		{B6EB344D-A59F-9B06-7DA6-3B99EBD1F4A9}.Release|Any CPU.ActiveCfg = Release|Any CPU
		{B6EB344D-A59F-9B06-7DA6-3B99EBD1F4A9}.Release|Any CPU.Build.0 = Release|Any CPU
	EndGlobalSection
	GlobalSection(SolutionProperties) = preSolution
		HideSolutionNode = FALSE
	EndGlobalSection
EndGlobal
